{
  "name": "UniCalc",
  "lockfileVersion": 3,
  "requires": true,
  "packages": {
    "": {
      "dependencies": {
        "@chemistry/formula": "^3.6.5"
      }
    },
    "node_modules/@chemistry/elements": {
      "version": "3.6.5",
      "resolved": "https://registry.npmjs.org/@chemistry/elements/-/elements-3.6.5.tgz",
      "integrity": "sha512-6+FyrixaexhXZyzSK9ZGO0L5kTY+o/AT1Bq3XYSogK/HevwqWgUIRPfAv3CquGdlV2n44ETTEFjkyvFIl6mOtQ==",
      "license": "MIT",
      "engines": {
        "node": ">=22.0.0"
      }
    },
    "node_modules/@chemistry/formula": {
      "version": "3.6.5",
      "resolved": "https://registry.npmjs.org/@chemistry/formula/-/formula-3.6.5.tgz",
      "integrity": "sha512-d9jDO060pBDSRBMFPuJ5m7ujR4XOQsdcrYcgqNBP9FsppOQyey90m0b1JnGfC9ES834U1/JVUqp90A/PPlSjyg==",
      "license": "MIT",
      "dependencies": {
        "@chemistry/elements": "^3.6.5"
      },
      "engines": {
        "node": ">=22.0.0"
      }
    }
  }
}
